
Microsoft Visual Studio Solution File, Format Version 12.00
# Visual Studio Version 17
VisualStudioVersion = 17.9.34607.119
MinimumVisualStudioVersion = 10.0.40219.1
Project("{FAE04EC0-301F-11D3-BF4B-00C04F79EFBC}") = "Task 1 even - odd", "3.10_Practical_Work\Task 1 even - odd.csproj", "{7E9240F0-5E6B-4C6F-AF25-89185C882685}"
EndProject
Project("{FAE04EC0-301F-11D3-BF4B-00C04F79EFBC}") = "Task 2 Game21", "Game21\Task 2 Game21.csproj", "{FDEA14EF-E1B5-47A4-9035-AC5921B122A3}"
EndProject
Project("{FAE04EC0-301F-11D3-BF4B-00C04F79EFBC}") = "Task 3 Checking number", "Task 3 Checking number\Task 3 Checking number.csproj", "{21C316A6-2378-4FBD-BC6E-F94B4761EFB6}"
EndProject
Project("{FAE04EC0-301F-11D3-BF4B-00C04F79EFBC}") = "Task 4 Smallest element", "Task 4 Smallest element\Task 4 Smallest element.csproj", "{87978188-A9D6-454B-BB13-3DBBFC55AA8F}"
EndProject
Project("{FAE04EC0-301F-11D3-BF4B-00C04F79EFBC}") = "Task 5 Guess the Number", "Task 5 Guess the Number\Task 5 Guess the Number.csproj", "{0E3506BD-CF23-4AC1-9591-3000E2175CC1}"
EndProject
Global
	GlobalSection(SolutionConfigurationPlatforms) = preSolution
		Debug|Any CPU = Debug|Any CPU
		Release|Any CPU = Release|Any CPU
	EndGlobalSection
	GlobalSection(ProjectConfigurationPlatforms) = postSolution
		{7E9240F0-5E6B-4C6F-AF25-89185C882685}.Debug|Any CPU.ActiveCfg = Debug|Any CPU
		{7E9240F0-5E6B-4C6F-AF25-89185C882685}.Debug|Any CPU.Build.0 = Debug|Any CPU
		{7E9240F0-5E6B-4C6F-AF25-89185C882685}.Release|Any CPU.ActiveCfg = Release|Any CPU
		{7E9240F0-5E6B-4C6F-AF25-89185C882685}.Release|Any CPU.Build.0 = Release|Any CPU
		{FDEA14EF-E1B5-47A4-9035-AC5921B122A3}.Debug|Any CPU.ActiveCfg = Debug|Any CPU
		{FDEA14EF-E1B5-47A4-9035-AC5921B122A3}.Debug|Any CPU.Build.0 = Debug|Any CPU
		{FDEA14EF-E1B5-47A4-9035-AC5921B122A3}.Release|Any CPU.ActiveCfg = Release|Any CPU
		{FDEA14EF-E1B5-47A4-9035-AC5921B122A3}.Release|Any CPU.Build.0 = Release|Any CPU
		{21C316A6-2378-4FBD-BC6E-F94B4761EFB6}.Debug|Any CPU.ActiveCfg = Debug|Any CPU
		{21C316A6-2378-4FBD-BC6E-F94B4761EFB6}.Debug|Any CPU.Build.0 = Debug|Any CPU
		{21C316A6-2378-4FBD-BC6E-F94B4761EFB6}.Release|Any CPU.ActiveCfg = Release|Any CPU
		{21C316A6-2378-4FBD-BC6E-F94B4761EFB6}.Release|Any CPU.Build.0 = Release|Any CPU
		{87978188-A9D6-454B-BB13-3DBBFC55AA8F}.Debug|Any CPU.ActiveCfg = Debug|Any CPU
		{87978188-A9D6-454B-BB13-3DBBFC55AA8F}.Debug|Any CPU.Build.0 = Debug|Any CPU
		{87978188-A9D6-454B-BB13-3DBBFC55AA8F}.Release|Any CPU.ActiveCfg = Release|Any CPU
		{87978188-A9D6-454B-BB13-3DBBFC55AA8F}.Release|Any CPU.Build.0 = Release|Any CPU
		{0E3506BD-CF23-4AC1-9591-3000E2175CC1}.Debug|Any CPU.ActiveCfg = Debug|Any CPU
		{0E3506BD-CF23-4AC1-9591-3000E2175CC1}.Debug|Any CPU.Build.0 = Debug|Any CPU
		{0E3506BD-CF23-4AC1-9591-3000E2175CC1}.Release|Any CPU.ActiveCfg = Release|Any CPU
		{0E3506BD-CF23-4AC1-9591-3000E2175CC1}.Release|Any CPU.Build.0 = Release|Any CPU
	EndGlobalSection
	GlobalSection(SolutionProperties) = preSolution
		HideSolutionNode = FALSE
	EndGlobalSection
	GlobalSection(ExtensibilityGlobals) = postSolution
		SolutionGuid = {E19647B2-C2C0-41CE-BCB7-C24F8C7C5D11}
	EndGlobalSection
EndGlobal
